// !$*UTF8*$!
{
	archiveVersion = 1;
	classes = {
	};
	objectVersion = 56;
	objects = {

/* Begin PBXBuildFile section */
		283856772B9F1E5000ED05B0 /* CustomButtonView.swift in Sources */ = {isa = PBXBuildFile; fileRef = 283856762B9F1E5000ED05B0 /* CustomButtonView.swift */; };
		283856792B9F202700ED05B0 /* CardContentView.swift in Sources */ = {isa = PBXBuildFile; fileRef = 283856782B9F202700ED05B0 /* CardContentView.swift */; };
		2838567B2B9F204B00ED05B0 /* CardHeaderView.swift in Sources */ = {isa = PBXBuildFile; fileRef = 2838567A2B9F204B00ED05B0 /* CardHeaderView.swift */; };
		2838567E2B9F20F000ED05B0 /* CardFooterView.swift in Sources */ = {isa = PBXBuildFile; fileRef = 2838567D2B9F20F000ED05B0 /* CardFooterView.swift */; };
		283856832B9F250500ED05B0 /* GradientButton.swift in Sources */ = {isa = PBXBuildFile; fileRef = 283856822B9F250500ED05B0 /* GradientButton.swift */; };
		2851D61B2B9F059400D8A939 /* HIkeAppApp.swift in Sources */ = {isa = PBXBuildFile; fileRef = 2851D61A2B9F059400D8A939 /* HIkeAppApp.swift */; };
		2851D61D2B9F059400D8A939 /* HomeView.swift in Sources */ = {isa = PBXBuildFile; fileRef = 2851D61C2B9F059400D8A939 /* HomeView.swift */; };
		2851D61F2B9F059700D8A939 /* Assets.xcassets in Resources */ = {isa = PBXBuildFile; fileRef = 2851D61E2B9F059700D8A939 /* Assets.xcassets */; };
		2851D6222B9F059700D8A939 /* Preview Assets.xcassets in Resources */ = {isa = PBXBuildFile; fileRef = 2851D6212B9F059700D8A939 /* Preview Assets.xcassets */; };
		2851D6312B9F06C800D8A939 /* CardView.swift in Sources */ = {isa = PBXBuildFile; fileRef = 2851D6302B9F06C800D8A939 /* CardView.swift */; };
		2851D6332B9F085100D8A939 /* CustomBackgroundColor.swift in Sources */ = {isa = PBXBuildFile; fileRef = 2851D6322B9F085100D8A939 /* CustomBackgroundColor.swift */; };
		28BBE8712BA4F62200C081D6 /* SettingsView.swift in Sources */ = {isa = PBXBuildFile; fileRef = 28BBE8702BA4F62200C081D6 /* SettingsView.swift */; };
		28BBE8742BA4F72500C081D6 /* ListView.swift in Sources */ = {isa = PBXBuildFile; fileRef = 28BBE8732BA4F72500C081D6 /* ListView.swift */; };
		28BBE8762BA4F73300C081D6 /* HeaderView.swift in Sources */ = {isa = PBXBuildFile; fileRef = 28BBE8752BA4F73300C081D6 /* HeaderView.swift */; };
		28BBE8782BA4FA0100C081D6 /* SubHeaderView.swift in Sources */ = {isa = PBXBuildFile; fileRef = 28BBE8772BA4FA0000C081D6 /* SubHeaderView.swift */; };
		28BBE87A2BA4FD0F00C081D6 /* FooterView.swift in Sources */ = {isa = PBXBuildFile; fileRef = 28BBE8792BA4FD0F00C081D6 /* FooterView.swift */; };
		28BBE87C2BA4FE7800C081D6 /* CustomLabeledContenView.swift in Sources */ = {isa = PBXBuildFile; fileRef = 28BBE87B2BA4FE7800C081D6 /* CustomLabeledContenView.swift */; };
		28BBE8802BA5011B00C081D6 /* LabeledContentViewModel.swift in Sources */ = {isa = PBXBuildFile; fileRef = 28BBE87F2BA5011B00C081D6 /* LabeledContentViewModel.swift */; };
		28BBE8822BA50E1F00C081D6 /* AlternateAppIcons.swift in Sources */ = {isa = PBXBuildFile; fileRef = 28BBE8812BA50E1E00C081D6 /* AlternateAppIcons.swift */; };
/* End PBXBuildFile section */

/* Begin PBXFileReference section */
		283856762B9F1E5000ED05B0 /* CustomButtonView.swift */ = {isa = PBXFileReference; lastKnownFileType = sourcecode.swift; path = CustomButtonView.swift; sourceTree = "<group>"; };
		283856782B9F202700ED05B0 /* CardContentView.swift */ = {isa = PBXFileReference; lastKnownFileType = sourcecode.swift; path = CardContentView.swift; sourceTree = "<group>"; };
		2838567A2B9F204B00ED05B0 /* CardHeaderView.swift */ = {isa = PBXFileReference; lastKnownFileType = sourcecode.swift; path = CardHeaderView.swift; sourceTree = "<group>"; };
		2838567D2B9F20F000ED05B0 /* CardFooterView.swift */ = {isa = PBXFileReference; lastKnownFileType = sourcecode.swift; path = CardFooterView.swift; sourceTree = "<group>"; };
		283856822B9F250500ED05B0 /* GradientButton.swift */ = {isa = PBXFileReference; lastKnownFileType = sourcecode.swift; path = GradientButton.swift; sourceTree = "<group>"; };
		2851D6172B9F059400D8A939 /* HIkeApp.app */ = {isa = PBXFileReference; explicitFileType = wrapper.application; includeInIndex = 0; path = HIkeApp.app; sourceTree = BUILT_PRODUCTS_DIR; };
		2851D61A2B9F059400D8A939 /* HIkeAppApp.swift */ = {isa = PBXFileReference; lastKnownFileType = sourcecode.swift; path = HIkeAppApp.swift; sourceTree = "<group>"; };
		2851D61C2B9F059400D8A939 /* HomeView.swift */ = {isa = PBXFileReference; lastKnownFileType = sourcecode.swift; path = HomeView.swift; sourceTree = "<group>"; };
		2851D61E2B9F059700D8A939 /* Assets.xcassets */ = {isa = PBXFileReference; lastKnownFileType = folder.assetcatalog; path = Assets.xcassets; sourceTree = "<group>"; };
		2851D6212B9F059700D8A939 /* Preview Assets.xcassets */ = {isa = PBXFileReference; lastKnownFileType = folder.assetcatalog; path = "Preview Assets.xcassets"; sourceTree = "<group>"; };
		2851D6302B9F06C800D8A939 /* CardView.swift */ = {isa = PBXFileReference; lastKnownFileType = sourcecode.swift; path = CardView.swift; sourceTree = "<group>"; };
		2851D6322B9F085100D8A939 /* CustomBackgroundColor.swift */ = {isa = PBXFileReference; lastKnownFileType = sourcecode.swift; path = CustomBackgroundColor.swift; sourceTree = "<group>"; };
		28BBE8702BA4F62200C081D6 /* SettingsView.swift */ = {isa = PBXFileReference; lastKnownFileType = sourcecode.swift; path = SettingsView.swift; sourceTree = "<group>"; };
		28BBE8732BA4F72500C081D6 /* ListView.swift */ = {isa = PBXFileReference; lastKnownFileType = sourcecode.swift; path = ListView.swift; sourceTree = "<group>"; };
		28BBE8752BA4F73300C081D6 /* HeaderView.swift */ = {isa = PBXFileReference; lastKnownFileType = sourcecode.swift; path = HeaderView.swift; sourceTree = "<group>"; };
		28BBE8772BA4FA0000C081D6 /* SubHeaderView.swift */ = {isa = PBXFileReference; lastKnownFileType = sourcecode.swift; path = SubHeaderView.swift; sourceTree = "<group>"; };
		28BBE8792BA4FD0F00C081D6 /* FooterView.swift */ = {isa = PBXFileReference; lastKnownFileType = sourcecode.swift; path = FooterView.swift; sourceTree = "<group>"; };
		28BBE87B2BA4FE7800C081D6 /* CustomLabeledContenView.swift */ = {isa = PBXFileReference; lastKnownFileType = sourcecode.swift; path = CustomLabeledContenView.swift; sourceTree = "<group>"; };
		28BBE87F2BA5011B00C081D6 /* LabeledContentViewModel.swift */ = {isa = PBXFileReference; lastKnownFileType = sourcecode.swift; path = LabeledContentViewModel.swift; sourceTree = "<group>"; };
		28BBE8812BA50E1E00C081D6 /* AlternateAppIcons.swift */ = {isa = PBXFileReference; lastKnownFileType = sourcecode.swift; path = AlternateAppIcons.swift; sourceTree = "<group>"; };
/* End PBXFileReference section */

/* Begin PBXFrameworksBuildPhase section */
		2851D6142B9F059400D8A939 /* Frameworks */ = {
			isa = PBXFrameworksBuildPhase;
			buildActionMask = 2147483647;
			files = (
			);
			runOnlyForDeploymentPostprocessing = 0;
		};
/* End PBXFrameworksBuildPhase section */

/* Begin PBXGroup section */
		2838567F2B9F24C300ED05B0 /* Utility */ = {
			isa = PBXGroup;
			children = (
				283856822B9F250500ED05B0 /* GradientButton.swift */,
			);
			path = Utility;
			sourceTree = "<group>";
		};
		2851D60E2B9F059400D8A939 = {
			isa = PBXGroup;
			children = (
				2851D6192B9F059400D8A939 /* HIkeApp */,
				2851D6182B9F059400D8A939 /* Products */,
			);
			sourceTree = "<group>";
		};
		2851D6182B9F059400D8A939 /* Products */ = {
			isa = PBXGroup;
			children = (
				2851D6172B9F059400D8A939 /* HIkeApp.app */,
			);
			name = Products;
			sourceTree = "<group>";
		};
		2851D6192B9F059400D8A939 /* HIkeApp */ = {
			isa = PBXGroup;
			children = (
				2838567F2B9F24C300ED05B0 /* Utility */,
				2851D6282B9F05D400D8A939 /* Model */,
				2851D62B2B9F05EB00D8A939 /* ViewModel */,
				2851D62A2B9F05E800D8A939 /* Views */,
				2851D62C2B9F05F600D8A939 /* Controllers */,
				2851D61A2B9F059400D8A939 /* HIkeAppApp.swift */,
				2851D61E2B9F059700D8A939 /* Assets.xcassets */,
				2851D6202B9F059700D8A939 /* Preview Content */,
			);
			path = HIkeApp;
			sourceTree = "<group>";
		};
		2851D6202B9F059700D8A939 /* Preview Content */ = {
			isa = PBXGroup;
			children = (
				2851D6212B9F059700D8A939 /* Preview Assets.xcassets */,
			);
			path = "Preview Content";
			sourceTree = "<group>";
		};
		2851D6282B9F05D400D8A939 /* Model */ = {
			isa = PBXGroup;
			children = (
			);
			path = Model;
			sourceTree = "<group>";
		};
		2851D62A2B9F05E800D8A939 /* Views */ = {
			isa = PBXGroup;
			children = (
				28BBE8722BA4F6A900C081D6 /* SettingsViews */,
				2851D62F2B9F066A00D8A939 /* HomeViews */,
			);
			path = Views;
			sourceTree = "<group>";
		};
		2851D62B2B9F05EB00D8A939 /* ViewModel */ = {
			isa = PBXGroup;
			children = (
				28BBE87F2BA5011B00C081D6 /* LabeledContentViewModel.swift */,
				28BBE8812BA50E1E00C081D6 /* AlternateAppIcons.swift */,
			);
			path = ViewModel;
			sourceTree = "<group>";
		};
		2851D62C2B9F05F600D8A939 /* Controllers */ = {
			isa = PBXGroup;
			children = (
				2851D62E2B9F063400D8A939 /* Details */,
				2851D62D2B9F062D00D8A939 /* Core */,
			);
			path = Controllers;
			sourceTree = "<group>";
		};
		2851D62D2B9F062D00D8A939 /* Core */ = {
			isa = PBXGroup;
			children = (
				2851D61C2B9F059400D8A939 /* HomeView.swift */,
				28BBE8702BA4F62200C081D6 /* SettingsView.swift */,
			);
			path = Core;
			sourceTree = "<group>";
		};
		2851D62E2B9F063400D8A939 /* Details */ = {
			isa = PBXGroup;
			children = (
			);
			path = Details;
			sourceTree = "<group>";
		};
		2851D62F2B9F066A00D8A939 /* HomeViews */ = {
			isa = PBXGroup;
			children = (
				2851D6302B9F06C800D8A939 /* CardView.swift */,
				2838567A2B9F204B00ED05B0 /* CardHeaderView.swift */,
				283856782B9F202700ED05B0 /* CardContentView.swift */,
				2838567D2B9F20F000ED05B0 /* CardFooterView.swift */,
				2851D6322B9F085100D8A939 /* CustomBackgroundColor.swift */,
				283856762B9F1E5000ED05B0 /* CustomButtonView.swift */,
			);
			path = HomeViews;
			sourceTree = "<group>";
		};
		28BBE8722BA4F6A900C081D6 /* SettingsViews */ = {
			isa = PBXGroup;
			children = (
				28BBE8732BA4F72500C081D6 /* ListView.swift */,
				28BBE8752BA4F73300C081D6 /* HeaderView.swift */,
				28BBE8772BA4FA0000C081D6 /* SubHeaderView.swift */,
				28BBE8792BA4FD0F00C081D6 /* FooterView.swift */,
				28BBE87B2BA4FE7800C081D6 /* CustomLabeledContenView.swift */,
			);
			path = SettingsViews;
			sourceTree = "<group>";
		};
/* End PBXGroup section */

/* Begin PBXNativeTarget section */
		2851D6162B9F059400D8A939 /* HIkeApp */ = {
			isa = PBXNativeTarget;
			buildConfigurationList = 2851D6252B9F059700D8A939 /* Build configuration list for PBXNativeTarget "HIkeApp" */;
			buildPhases = (
				2851D6132B9F059400D8A939 /* Sources */,
				2851D6142B9F059400D8A939 /* Frameworks */,
				2851D6152B9F059400D8A939 /* Resources */,
			);
			buildRules = (
			);
			dependencies = (
			);
			name = HIkeApp;
			productName = HIkeApp;
			productReference = 2851D6172B9F059400D8A939 /* HIkeApp.app */;
			productType = "com.apple.product-type.application";
		};
/* End PBXNativeTarget section */

/* Begin PBXProject section */
		2851D60F2B9F059400D8A939 /* Project object */ = {
			isa = PBXProject;
			attributes = {
				BuildIndependentTargetsInParallel = 1;
				LastSwiftUpdateCheck = 1500;
				LastUpgradeCheck = 1500;
				TargetAttributes = {
					2851D6162B9F059400D8A939 = {
						CreatedOnToolsVersion = 15.0.1;
					};
				};
			};
			buildConfigurationList = 2851D6122B9F059400D8A939 /* Build configuration list for PBXProject "HIkeApp" */;
			compatibilityVersion = "Xcode 14.0";
			developmentRegion = en;
			hasScannedForEncodings = 0;
			knownRegions = (
				en,
				Base,
			);
			mainGroup = 2851D60E2B9F059400D8A939;
			productRefGroup = 2851D6182B9F059400D8A939 /* Products */;
			projectDirPath = "";
			projectRoot = "";
			targets = (
				2851D6162B9F059400D8A939 /* HIkeApp */,
			);
		};
/* End PBXProject section */

/* Begin PBXResourcesBuildPhase section */
		2851D6152B9F059400D8A939 /* Resources */ = {
			isa = PBXResourcesBuildPhase;
			buildActionMask = 2147483647;
			files = (
				2851D6222B9F059700D8A939 /* Preview Assets.xcassets in Resources */,
				2851D61F2B9F059700D8A939 /* Assets.xcassets in Resources */,
			);
			runOnlyForDeploymentPostprocessing = 0;
		};
/* End PBXResourcesBuildPhase section */

/* Begin PBXSourcesBuildPhase section */
		2851D6132B9F059400D8A939 /* Sources */ = {
			isa = PBXSourcesBuildPhase;
			buildActionMask = 2147483647;
			files = (
				2838567B2B9F204B00ED05B0 /* CardHeaderView.swift in Sources */,
				28BBE8802BA5011B00C081D6 /* LabeledContentViewModel.swift in Sources */,
				28BBE87A2BA4FD0F00C081D6 /* FooterView.swift in Sources */,
				28BBE8782BA4FA0100C081D6 /* SubHeaderView.swift in Sources */,
				28BBE87C2BA4FE7800C081D6 /* CustomLabeledContenView.swift in Sources */,
				283856772B9F1E5000ED05B0 /* CustomButtonView.swift in Sources */,
				2851D6332B9F085100D8A939 /* CustomBackgroundColor.swift in Sources */,
				2838567E2B9F20F000ED05B0 /* CardFooterView.swift in Sources */,
				283856832B9F250500ED05B0 /* GradientButton.swift in Sources */,
				28BBE8712BA4F62200C081D6 /* SettingsView.swift in Sources */,
				2851D61D2B9F059400D8A939 /* HomeView.swift in Sources */,
				28BBE8762BA4F73300C081D6 /* HeaderView.swift in Sources */,
				28BBE8822BA50E1F00C081D6 /* AlternateAppIcons.swift in Sources */,
				2851D6312B9F06C800D8A939 /* CardView.swift in Sources */,
				28BBE8742BA4F72500C081D6 /* ListView.swift in Sources */,
				283856792B9F202700ED05B0 /* CardContentView.swift in Sources */,
				2851D61B2B9F059400D8A939 /* HIkeAppApp.swift in Sources */,
			);
			runOnlyForDeploymentPostprocessing = 0;
		};
/* End PBXSourcesBuildPhase section */

/* Begin XCBuildConfiguration section */
		2851D6232B9F059700D8A939 /* Debug */ = {
			isa = XCBuildConfiguration;
			buildSettings = {
				ALWAYS_SEARCH_USER_PATHS = NO;
				ASSETCATALOG_COMPILER_GENERATE_SWIFT_ASSET_SYMBOL_EXTENSIONS = YES;
				CLANG_ANALYZER_NONNULL = YES;
				CLANG_ANALYZER_NUMBER_OBJECT_CONVERSION = YES_AGGRESSIVE;
				CLANG_CXX_LANGUAGE_STANDARD = "gnu++20";
				CLANG_ENABLE_MODULES = YES;
				CLANG_ENABLE_OBJC_ARC = YES;
				CLANG_ENABLE_OBJC_WEAK = YES;
				CLANG_WARN_BLOCK_CAPTURE_AUTORELEASING = YES;
				CLANG_WARN_BOOL_CONVERSION = YES;
				CLANG_WARN_COMMA = YES;
				CLANG_WARN_CONSTANT_CONVERSION = YES;
				CLANG_WARN_DEPRECATED_OBJC_IMPLEMENTATIONS = YES;
				CLANG_WARN_DIRECT_OBJC_ISA_USAGE = YES_ERROR;
				CLANG_WARN_DOCUMENTATION_COMMENTS = YES;
				CLANG_WARN_EMPTY_BODY = YES;
				CLANG_WARN_ENUM_CONVERSION = YES;
				CLANG_WARN_INFINITE_RECURSION = YES;
				CLANG_WARN_INT_CONVERSION = YES;
				CLANG_WARN_NON_LITERAL_NULL_CONVERSION = YES;
				CLANG_WARN_OBJC_IMPLICIT_RETAIN_SELF = YES;
				CLANG_WARN_OBJC_LITERAL_CONVERSION = YES;
				CLANG_WARN_OBJC_ROOT_CLASS = YES_ERROR;
				CLANG_WARN_QUOTED_INCLUDE_IN_FRAMEWORK_HEADER = YES;
				CLANG_WARN_RANGE_LOOP_ANALYSIS = YES;
				CLANG_WARN_STRICT_PROTOTYPES = YES;
				CLANG_WARN_SUSPICIOUS_MOVE = YES;
				CLANG_WARN_UNGUARDED_AVAILABILITY = YES_AGGRESSIVE;
				CLANG_WARN_UNREACHABLE_CODE = YES;
				CLANG_WARN__DUPLICATE_METHOD_MATCH = YES;
				COPY_PHASE_STRIP = NO;
				DEBUG_INFORMATION_FORMAT = dwarf;
				ENABLE_STRICT_OBJC_MSGSEND = YES;
				ENABLE_TESTABILITY = YES;
				ENABLE_USER_SCRIPT_SANDBOXING = YES;
				GCC_C_LANGUAGE_STANDARD = gnu17;
				GCC_DYNAMIC_NO_PIC = NO;
				GCC_NO_COMMON_BLOCKS = YES;
				GCC_OPTIMIZATION_LEVEL = 0;
				GCC_PREPROCESSOR_DEFINITIONS = (
					"DEBUG=1",
					"$(inherited)",
				);
				GCC_WARN_64_TO_32_BIT_CONVERSION = YES;
				GCC_WARN_ABOUT_RETURN_TYPE = YES_ERROR;
				GCC_WARN_UNDECLARED_SELECTOR = YES;
				GCC_WARN_UNINITIALIZED_AUTOS = YES_AGGRESSIVE;
				GCC_WARN_UNUSED_FUNCTION = YES;
				GCC_WARN_UNUSED_VARIABLE = YES;
				IPHONEOS_DEPLOYMENT_TARGET = 17.0;
				LOCALIZATION_PREFERS_STRING_CATALOGS = YES;
				MTL_ENABLE_DEBUG_INFO = INCLUDE_SOURCE;
				MTL_FAST_MATH = YES;
				ONLY_ACTIVE_ARCH = YES;
				SDKROOT = iphoneos;
				SWIFT_ACTIVE_COMPILATION_CONDITIONS = "DEBUG $(inherited)";
				SWIFT_OPTIMIZATION_LEVEL = "-Onone";
			};
			name = Debug;
		};
		2851D6242B9F059700D8A939 /* Release */ = {
			isa = XCBuildConfiguration;
			buildSettings = {
				ALWAYS_SEARCH_USER_PATHS = NO;
				ASSETCATALOG_COMPILER_GENERATE_SWIFT_ASSET_SYMBOL_EXTENSIONS = YES;
				CLANG_ANALYZER_NONNULL = YES;
				CLANG_ANALYZER_NUMBER_OBJECT_CONVERSION = YES_AGGRESSIVE;
				CLANG_CXX_LANGUAGE_STANDARD = "gnu++20";
				CLANG_ENABLE_MODULES = YES;
				CLANG_ENABLE_OBJC_ARC = YES;
				CLANG_ENABLE_OBJC_WEAK = YES;
				CLANG_WARN_BLOCK_CAPTURE_AUTORELEASING = YES;
				CLANG_WARN_BOOL_CONVERSION = YES;
				CLANG_WARN_COMMA = YES;
				CLANG_WARN_CONSTANT_CONVERSION = YES;
				CLANG_WARN_DEPRECATED_OBJC_IMPLEMENTATIONS = YES;
				CLANG_WARN_DIRECT_OBJC_ISA_USAGE = YES_ERROR;
				CLANG_WARN_DOCUMENTATION_COMMENTS = YES;
				CLANG_WARN_EMPTY_BODY = YES;
				CLANG_WARN_ENUM_CONVERSION = YES;
				CLANG_WARN_INFINITE_RECURSION = YES;
				CLANG_WARN_INT_CONVERSION = YES;
				CLANG_WARN_NON_LITERAL_NULL_CONVERSION = YES;
				CLANG_WARN_OBJC_IMPLICIT_RETAIN_SELF = YES;
				CLANG_WARN_OBJC_LITERAL_CONVERSION = YES;
				CLANG_WARN_OBJC_ROOT_CLASS = YES_ERROR;
				CLANG_WARN_QUOTED_INCLUDE_IN_FRAMEWORK_HEADER = YES;
				CLANG_WARN_RANGE_LOOP_ANALYSIS = YES;
				CLANG_WARN_STRICT_PROTOTYPES = YES;
				CLANG_WARN_SUSPICIOUS_MOVE = YES;
				CLANG_WARN_UNGUARDED_AVAILABILITY = YES_AGGRESSIVE;
				CLANG_WARN_UNREACHABLE_CODE = YES;
				CLANG_WARN__DUPLICATE_METHOD_MATCH = YES;
				COPY_PHASE_STRIP = NO;
				DEBUG_INFORMATION_FORMAT = "dwarf-with-dsym";
				ENABLE_NS_ASSERTIONS = NO;
				ENABLE_STRICT_OBJC_MSGSEND = YES;
				ENABLE_USER_SCRIPT_SANDBOXING = YES;
				GCC_C_LANGUAGE_STANDARD = gnu17;
				GCC_NO_COMMON_BLOCKS = YES;
				GCC_WARN_64_TO_32_BIT_CONVERSION = YES;
				GCC_WARN_ABOUT_RETURN_TYPE = YES_ERROR;
				GCC_WARN_UNDECLARED_SELECTOR = YES;
				GCC_WARN_UNINITIALIZED_AUTOS = YES_AGGRESSIVE;
				GCC_WARN_UNUSED_FUNCTION = YES;
				GCC_WARN_UNUSED_VARIABLE = YES;
				IPHONEOS_DEPLOYMENT_TARGET = 17.0;
				LOCALIZATION_PREFERS_STRING_CATALOGS = YES;
				MTL_ENABLE_DEBUG_INFO = NO;
				MTL_FAST_MATH = YES;
				SDKROOT = iphoneos;
				SWIFT_COMPILATION_MODE = wholemodule;
				VALIDATE_PRODUCT = YES;
			};
			name = Release;
		};
		2851D6262B9F059700D8A939 /* Debug */ = {
			isa = XCBuildConfiguration;
			buildSettings = {
				ASSETCATALOG_COMPILER_APPICON_NAME = AppIcon;
				ASSETCATALOG_COMPILER_GLOBAL_ACCENT_COLOR_NAME = AccentColor;
				CODE_SIGN_STYLE = Automatic;
				CURRENT_PROJECT_VERSION = 1;
				DEVELOPMENT_ASSET_PATHS = "\"HIkeApp/Preview Content\"";
				DEVELOPMENT_TEAM = 56JF3858ZD;
				ENABLE_PREVIEWS = YES;
				GENERATE_INFOPLIST_FILE = YES;
				INFOPLIST_KEY_UIApplicationSceneManifest_Generation = YES;
				INFOPLIST_KEY_UIApplicationSupportsIndirectInputEvents = YES;
				INFOPLIST_KEY_UILaunchScreen_Generation = YES;
				INFOPLIST_KEY_UISupportedInterfaceOrientations_iPad = "UIInterfaceOrientationPortrait UIInterfaceOrientationPortraitUpsideDown UIInterfaceOrientationLandscapeLeft UIInterfaceOrientationLandscapeRight";
				INFOPLIST_KEY_UISupportedInterfaceOrientations_iPhone = "UIInterfaceOrientationPortrait UIInterfaceOrientationLandscapeLeft UIInterfaceOrientationLandscapeRight";
				LD_RUNPATH_SEARCH_PATHS = (
					"$(inherited)",
					"@executable_path/Frameworks",
				);
				MARKETING_VERSION = 1.0;
				PRODUCT_BUNDLE_IDENTIFIER = com.mehmetvural.HIkeApp;
				PRODUCT_NAME = "$(TARGET_NAME)";
				SWIFT_EMIT_LOC_STRINGS = YES;
				SWIFT_VERSION = 5.0;
				TARGETED_DEVICE_FAMILY = "1,2";
			};
			name = Debug;
		};
		2851D6272B9F059700D8A939 /* Release */ = {
			isa = XCBuildConfiguration;
			buildSettings = {
				ASSETCATALOG_COMPILER_APPICON_NAME = AppIcon;
				ASSETCATALOG_COMPILER_GLOBAL_ACCENT_COLOR_NAME = AccentColor;
				CODE_SIGN_STYLE = Automatic;
				CURRENT_PROJECT_VERSION = 1;
				DEVELOPMENT_ASSET_PATHS = "\"HIkeApp/Preview Content\"";
				DEVELOPMENT_TEAM = 56JF3858ZD;
				ENABLE_PREVIEWS = YES;
				GENERATE_INFOPLIST_FILE = YES;
				INFOPLIST_KEY_UIApplicationSceneManifest_Generation = YES;
				INFOPLIST_KEY_UIApplicationSupportsIndirectInputEvents = YES;
				INFOPLIST_KEY_UILaunchScreen_Generation = YES;
				INFOPLIST_KEY_UISupportedInterfaceOrientations_iPad = "UIInterfaceOrientationPortrait UIInterfaceOrientationPortraitUpsideDown UIInterfaceOrientationLandscapeLeft UIInterfaceOrientationLandscapeRight";
				INFOPLIST_KEY_UISupportedInterfaceOrientations_iPhone = "UIInterfaceOrientationPortrait UIInterfaceOrientationLandscapeLeft UIInterfaceOrientationLandscapeRight";
				LD_RUNPATH_SEARCH_PATHS = (
					"$(inherited)",
					"@executable_path/Frameworks",
				);
				MARKETING_VERSION = 1.0;
				PRODUCT_BUNDLE_IDENTIFIER = com.mehmetvural.HIkeApp;
				PRODUCT_NAME = "$(TARGET_NAME)";
				SWIFT_EMIT_LOC_STRINGS = YES;
				SWIFT_VERSION = 5.0;
				TARGETED_DEVICE_FAMILY = "1,2";
			};
			name = Release;
		};
/* End XCBuildConfiguration section */

/* Begin XCConfigurationList section */
		2851D6122B9F059400D8A939 /* Build configuration list for PBXProject "HIkeApp" */ = {
			isa = XCConfigurationList;
			buildConfigurations = (
				2851D6232B9F059700D8A939 /* Debug */,
				2851D6242B9F059700D8A939 /* Release */,
			);
			defaultConfigurationIsVisible = 0;
			defaultConfigurationName = Release;
		};
		2851D6252B9F059700D8A939 /* Build configuration list for PBXNativeTarget "HIkeApp" */ = {
			isa = XCConfigurationList;
			buildConfigurations = (
				2851D6262B9F059700D8A939 /* Debug */,
				2851D6272B9F059700D8A939 /* Release */,
			);
			defaultConfigurationIsVisible = 0;
			defaultConfigurationName = Release;
		};
/* End XCConfigurationList section */
	};
	rootObject = 2851D60F2B9F059400D8A939 /* Project object */;
}
